<?xml version="1.0" encoding="UTF-8" standalone="yes" ?>
<CodeBlocks_project_file>
	<FileVersion major="1" minor="6" />
	<Project>
		<Option title="extractdata" />
		<Option makefile="makefile" />
		<Option makefile_is_custom="1" />
		<Option execution_dir="..\src\" />
		<Option compiler="dmd" />
		<Build>
			<Target title="Debug">
				<Option output="..\bin\extractdata" prefix_auto="1" extension_auto="1" />
				<Option working_dir="..\bin" />
				<Option object_output="obj\" />
				<Option type="1" />
				<Option compiler="dmd" />
				<MakeCommands>
					<Build command="dsss build extractdata.d --debug" />
					<CompileFile command="" />
					<Clean command="dsss distclean" />
					<DistClean command="" />
					<AskRebuildNeeded command="" />
					<SilentBuild command="dsss build extractdata.d --debug" />
				</MakeCommands>
			</Target>
			<Target title="Release">
				<Option output="..\bin\extractdata" prefix_auto="1" extension_auto="1" />
				<Option working_dir="..\bin" />
				<Option object_output="obj\" />
				<Option type="1" />
				<Option compiler="dmd" />
				<MakeCommands>
					<Build command="dsss build extractdata.d" />
					<CompileFile command="" />
					<Clean command="dsss distclean" />
					<DistClean command="" />
					<AskRebuildNeeded command="" />
					<SilentBuild command="dsss build extractdata.d" />
				</MakeCommands>
			</Target>
		</Build>
		<Unit filename="..\src\common\resfileformats.d" />
		<Unit filename="..\src\extractdata.d" />
		<Unit filename="..\src\framework\config.d" />
		<Unit filename="..\src\framework\driver_base.d" />
		<Unit filename="..\src\framework\filesystem.d" />
		<Unit filename="..\src\framework\globalsettings.d" />
		<Unit filename="..\src\framework\imgread.d" />
		<Unit filename="..\src\framework\imgwrite.d" />
		<Unit filename="..\src\framework\rotozoom.d" />
		<Unit filename="..\src\framework\sdl\rwops.d" />
		<Unit filename="..\src\framework\sdl\sdl.d" />
		<Unit filename="..\src\framework\surface.d" />
		<Unit filename="..\src\net\marshal.d" />
		<Unit filename="..\src\utils\archive.d" />
		<Unit filename="..\src\utils\array.d" />
		<Unit filename="..\src\utils\boxpacker.d" />
		<Unit filename="..\src\utils\color.d" />
		<Unit filename="..\src\utils\configfile.d" />
		<Unit filename="..\src\utils\filetools.d" />
		<Unit filename="..\src\utils\gzip.d" />
		<Unit filename="..\src\utils\list2.d" />
		<Unit filename="..\src\utils\log.d" />
		<Unit filename="..\src\utils\misc.d" />
		<Unit filename="..\src\utils\mybox.d" />
		<Unit filename="..\src\utils\output.d" />
		<Unit filename="..\src\utils\path.d" />
		<Unit filename="..\src\utils\rect2.d" />
		<Unit filename="..\src\utils\stream.d" />
		<Unit filename="..\src\utils\string.d" />
		<Unit filename="..\src\utils\strparser.d" />
		<Unit filename="..\src\utils\time.d" />
		<Unit filename="..\src\utils\vector2.d" />
		<Unit filename="..\src\wwpdata\animation.d" />
		<Unit filename="..\src\wwpdata\common.d" />
		<Unit filename="..\src\wwpdata\decompression.d" />
		<Unit filename="..\src\wwpdata\reader.d" />
		<Unit filename="..\src\wwpdata\reader_bnk.d" />
		<Unit filename="..\src\wwpdata\reader_dir.d" />
		<Unit filename="..\src\wwpdata\reader_img.d" />
		<Unit filename="..\src\wwpdata\reader_spr.d" />
		<Unit filename="..\src\wwptools\animconv.d" />
		<Unit filename="..\src\wwptools\atlaspacker.d" />
		<Unit filename="..\src\wwptools\convert.d" />
		<Unit filename="..\src\wwptools\image.d" />
		<Unit filename="..\src\wwptools\levelconverter.d" />
		<Unit filename="..\src\wwptools\untile.d" />
		<Unit filename="..\src\wwptools\unworms.d" />
		<Extensions>
			<code_completion />
			<envvars />
			<debugger />
		</Extensions>
	</Project>
</CodeBlocks_project_file>
