<?xml version="1.0" encoding="UTF-8" standalone="yes" ?>
<CodeBlocks_project_file>
	<FileVersion major="1" minor="6" />
	<Project>
		<Option title="Lumbricus" />
		<Option makefile="makefile" />
		<Option makefile_is_custom="1" />
		<Option execution_dir="../src" />
		<Option compiler="dmd" />
		<Build>
			<Target title="Debug">
				<Option output="..\bin\lumbricus" prefix_auto="1" extension_auto="1" />
				<Option working_dir="..\bin" />
				<Option object_output="..\bin\obj\" />
				<Option type="1" />
				<Option compiler="dmd" />
				<Option projectResourceIncludeDirsRelation="0" />
				<MakeCommands>
					<Build command="dsss build lumbricus.d --debug" />
					<CompileFile command="" />
					<Clean command="dsss clean" />
					<DistClean command="" />
					<AskRebuildNeeded command="" />
					<SilentBuild command="dsss build lumbricus.d --debug" />
				</MakeCommands>
			</Target>
			<Target title="Release">
				<Option output="..\bin\lumbricus" prefix_auto="1" extension_auto="1" />
				<Option working_dir="..\bin" />
				<Option object_output="..\bin\obj\" />
				<Option type="1" />
				<Option compiler="dmd" />
				<Option projectResourceIncludeDirsRelation="0" />
				<MakeCommands>
					<Build command="dsss build lumbricus.d" />
					<CompileFile command="" />
					<Clean command="dsss clean" />
					<DistClean command="" />
					<AskRebuildNeeded command="" />
					<SilentBuild command="dsss build lumbricus.d" />
				</MakeCommands>
			</Target>
		</Build>
		<Unit filename="..\src\common\allres.d" />
		<Unit filename="..\src\common\animation.d" />
		<Unit filename="..\src\common\common.d" />
		<Unit filename="..\src\common\config.d" />
		<Unit filename="..\src\common\init.d" />
		<Unit filename="..\src\common\loadsave.d" />
		<Unit filename="..\src\common\localeswitch.d" />
		<Unit filename="..\src\common\resfileformats.d" />
		<Unit filename="..\src\common\resources.d" />
		<Unit filename="..\src\common\resset.d" />
		<Unit filename="..\src\common\restypes\animation.d" />
		<Unit filename="..\src\common\restypes\atlas.d" />
		<Unit filename="..\src\common\restypes\bitmap.d" />
		<Unit filename="..\src\common\restypes\frames.d" />
		<Unit filename="..\src\common\restypes\sound.d" />
		<Unit filename="..\src\common\resview.d" />
		<Unit filename="..\src\common\scene.d" />
		<Unit filename="..\src\common\task.d" />
		<Unit filename="..\src\common\toplevel.d" />
		<Unit filename="..\src\common\visual.d" />
		<Unit filename="..\src\derelict\directx\d3d9.d" />
		<Unit filename="..\src\derelict\directx\d3d9caps.d" />
		<Unit filename="..\src\derelict\directx\d3d9types.d" />
		<Unit filename="..\src\derelict\directx\d3dx9.d" />
		<Unit filename="..\src\derelict\directx\dxgi.d" />
		<Unit filename="..\src\derelict\directx\dxgitype.d" />
		<Unit filename="..\src\derelict\enet\enet.d" />
		<Unit filename="..\src\derelict\enet\enetfuncs.d" />
		<Unit filename="..\src\derelict\enet\enettypes.d" />
		<Unit filename="..\src\derelict\ffmpeg\av.d" />
		<Unit filename="..\src\derelict\ffmpeg\avtypes.d" />
		<Unit filename="..\src\derelict\fmod\fmod.d" />
		<Unit filename="..\src\derelict\fmod\fmodcodec.d" />
		<Unit filename="..\src\derelict\fmod\fmoddsp.d" />
		<Unit filename="..\src\derelict\fmod\fmoderrors.d" />
		<Unit filename="..\src\derelict\fmod\fmodfuncs.d" />
		<Unit filename="..\src\derelict\fmod\fmodtypes.d" />
		<Unit filename="..\src\derelict\lua\lauxlib.d" />
		<Unit filename="..\src\derelict\lua\lua.d" />
		<Unit filename="..\src\derelict\lua\luaconf.d" />
		<Unit filename="..\src\derelict\lua\lualib.d" />
		<Unit filename="..\src\derelict\lua\pluto.d" />
		<Unit filename="..\src\derelict\sdl\sound.d" />
		<Unit filename="..\src\framework\commandline.d" />
		<Unit filename="..\src\framework\drawing.d" />
		<Unit filename="..\src\framework\drivers\base_sdl.d" />
		<Unit filename="..\src\framework\drivers\draw_directx.d" />
		<Unit filename="..\src\framework\drivers\draw_opengl.d" />
		<Unit filename="..\src\framework\drivers\draw_sdl.d" />
		<Unit filename="..\src\framework\drivers\fmodstreamfs.d" />
		<Unit filename="..\src\framework\drivers\font_freetype.d" />
		<Unit filename="..\src\framework\drivers\sound_fmod.d" />
		<Unit filename="..\src\framework\drivers\sound_openal.d" />
		<Unit filename="..\src\framework\enums.d" />
		<Unit filename="..\src\framework\event.d" />
		<Unit filename="..\src\framework\ffaudiodecode.d" />
		<Unit filename="..\src\framework\filesystem.d" />
		<Unit filename="..\src\framework\font.d" />
		<Unit filename="..\src\framework\framework.d" />
		<Unit filename="..\src\framework\i18n.d" />
		<Unit filename="..\src\framework\imgwrite.d" />
		<Unit filename="..\src\framework\keybindings.d" />
		<Unit filename="..\src\framework\keysyms.d" />
		<Unit filename="..\src\framework\lua.d" />
		<Unit filename="..\src\framework\sdl\keys.d" />
		<Unit filename="..\src\framework\sdl\rwops.d" />
		<Unit filename="..\src\framework\sdl\sdl.d" />
		<Unit filename="..\src\framework\sound.d" />
		<Unit filename="..\src\framework\texturepack.d" />
		<Unit filename="..\src\framework\timesource.d" />
		<Unit filename="..\src\game\action\base.d" />
		<Unit filename="..\src\game\action\common.d" />
		<Unit filename="..\src\game\action\list.d" />
		<Unit filename="..\src\game\action\spawn.d" />
		<Unit filename="..\src\game\action\spriteactions.d" />
		<Unit filename="..\src\game\action\wcontext.d" />
		<Unit filename="..\src\game\action\weaponactions.d" />
		<Unit filename="..\src\game\actionsprite.d" />
		<Unit filename="..\src\game\animation.d" />
		<Unit filename="..\src\game\bomberworm.d" />
		<Unit filename="..\src\game\clientengine.d" />
		<Unit filename="..\src\game\controller.d" />
		<Unit filename="..\src\game\controller_events.d" />
		<Unit filename="..\src\game\controller_plugins.d" />
		<Unit filename="..\src\game\crate.d" />
		<Unit filename="..\src\game\game.d" />
		<Unit filename="..\src\game\gamemodes\base.d" />
		<Unit filename="..\src\game\gamemodes\mdebug.d" />
		<Unit filename="..\src\game\gamemodes\realtime.d" />
		<Unit filename="..\src\game\gamemodes\turnbased.d" />
		<Unit filename="..\src\game\gamemodes\turnbased_shared.d" />
		<Unit filename="..\src\game\gameshell.d" />
		<Unit filename="..\src\game\gametask.d" />
		<Unit filename="..\src\game\gfxset.d" />
		<Unit filename="..\src\game\glevel.d" />
		<Unit filename="..\src\game\glue.d" />
		<Unit filename="..\src\game\gobject.d" />
		<Unit filename="..\src\game\gui\gamesummary.d" />
		<Unit filename="..\src\game\gui\leveledit.d" />
		<Unit filename="..\src\game\gui\levelpaint.d" />
		<Unit filename="..\src\game\gui\loadingscreen.d" />
		<Unit filename="..\src\game\gui\preview.d" />
		<Unit filename="..\src\game\gui\setup_local.d" />
		<Unit filename="..\src\game\gui\teamedit.d" />
		<Unit filename="..\src\game\gui\weaponedit.d" />
		<Unit filename="..\src\game\gui\welcome.d" />
		<Unit filename="..\src\game\hud\camera.d" />
		<Unit filename="..\src\game\hud\gameframe.d" />
		<Unit filename="..\src\game\hud\gameteams.d" />
		<Unit filename="..\src\game\hud\gametimer.d" />
		<Unit filename="..\src\game\hud\gameview.d" />
		<Unit filename="..\src\game\hud\messageviewer.d" />
		<Unit filename="..\src\game\hud\network.d" />
		<Unit filename="..\src\game\hud\powerups.d" />
		<Unit filename="..\src\game\hud\preparedisplay.d" />
		<Unit filename="..\src\game\hud\replaytimer.d" />
		<Unit filename="..\src\game\hud\teaminfo.d" />
		<Unit filename="..\src\game\hud\weaponsel.d" />
		<Unit filename="..\src\game\hud\windmeter.d" />
		<Unit filename="..\src\game\levelgen\generator.d" />
		<Unit filename="..\src\game\levelgen\genrandom.d" />
		<Unit filename="..\src\game\levelgen\landscape.d" />
		<Unit filename="..\src\game\levelgen\level.d" />
		<Unit filename="..\src\game\levelgen\placeobjects.d" />
		<Unit filename="..\src\game\levelgen\renderer.d" />
		<Unit filename="..\src\game\loader.d" />
		<Unit filename="..\src\game\lua.d" />
		<Unit filename="..\src\game\particles.d" />
		<Unit filename="..\src\game\sequence.d" />
		<Unit filename="..\src\game\serialize_register.d" />
		<Unit filename="..\src\game\setup.d" />
		<Unit filename="..\src\game\sky.d" />
		<Unit filename="..\src\game\sprite.d" />
		<Unit filename="..\src\game\temp.d" />
		<Unit filename="..\src\game\water.d" />
		<Unit filename="..\src\game\wcontrol.d" />
		<Unit filename="..\src\game\weapon\actionweapon.d" />
		<Unit filename="..\src\game\weapon\airstrike.d" />
		<Unit filename="..\src\game\weapon\drill.d" />
		<Unit filename="..\src\game\weapon\girder.d" />
		<Unit filename="..\src\game\weapon\jetpack.d" />
		<Unit filename="..\src\game\weapon\melee.d" />
		<Unit filename="..\src\game\weapon\napalm.d" />
		<Unit filename="..\src\game\weapon\parachute.d" />
		<Unit filename="..\src\game\weapon\projectile.d" />
		<Unit filename="..\src\game\weapon\ray.d" />
		<Unit filename="..\src\game\weapon\rope.d" />
		<Unit filename="..\src\game\weapon\types.d" />
		<Unit filename="..\src\game\weapon\weapon.d" />
		<Unit filename="..\src\game\worm.d" />
		<Unit filename="..\src\game\wtris.d" />
		<Unit filename="..\src\gui\boxcontainer.d" />
		<Unit filename="..\src\gui\button.d" />
		<Unit filename="..\src\gui\console.d" />
		<Unit filename="..\src\gui\container.d" />
		<Unit filename="..\src\gui\dropdownlist.d" />
		<Unit filename="..\src\gui\edit.d" />
		<Unit filename="..\src\gui\fps.d" />
		<Unit filename="..\src\gui\gui.d" />
		<Unit filename="..\src\gui\label.d" />
		<Unit filename="..\src\gui\list.d" />
		<Unit filename="..\src\gui\loader.d" />
		<Unit filename="..\src\gui\logwindow.d" />
		<Unit filename="..\src\gui\mousescroller.d" />
		<Unit filename="..\src\gui\progress.d" />
		<Unit filename="..\src\gui\scrollbar.d" />
		<Unit filename="..\src\gui\scrollwindow.d" />
		<Unit filename="..\src\gui\splitter.d" />
		<Unit filename="..\src\gui\styles.d" />
		<Unit filename="..\src\gui\tablecontainer.d" />
		<Unit filename="..\src\gui\tabs.d" />
		<Unit filename="..\src\gui\test.d" />
		<Unit filename="..\src\gui\widget.d" />
		<Unit filename="..\src\gui\window.d" />
		<Unit filename="..\src\gui\wm.d" />
		<Unit filename="..\src\lumbricus.d" />
		<Unit filename="..\src\net\announce.d" />
		<Unit filename="..\src\net\announce_lan.d" />
		<Unit filename="..\src\net\announce_php.d" />
		<Unit filename="..\src\net\broadcast.d" />
		<Unit filename="..\src\net\cmdclient.d" />
		<Unit filename="..\src\net\cmdprotocol.d" />
		<Unit filename="..\src\net\cmdserver.d" />
		<Unit filename="..\src\net\cmdserver_gui.d" />
		<Unit filename="..\src\net\iflist.d" />
		<Unit filename="..\src\net\lobby.d" />
		<Unit filename="..\src\net\marshal.d" />
		<Unit filename="..\src\net\netlayer.d" />
		<Unit filename="..\src\physics\base.d" />
		<Unit filename="..\src\physics\broadphase.d" />
		<Unit filename="..\src\physics\collisionmap.d" />
		<Unit filename="..\src\physics\contact.d" />
		<Unit filename="..\src\physics\earthquake.d" />
		<Unit filename="..\src\physics\force.d" />
		<Unit filename="..\src\physics\geometry.d" />
		<Unit filename="..\src\physics\links.d" />
		<Unit filename="..\src\physics\misc.d" />
		<Unit filename="..\src\physics\physobj.d" />
		<Unit filename="..\src\physics\plane.d" />
		<Unit filename="..\src\physics\sortandsweep.d" />
		<Unit filename="..\src\physics\timedchanger.d" />
		<Unit filename="..\src\physics\trigger.d" />
		<Unit filename="..\src\physics\world.d" />
		<Unit filename="..\src\physics\zone.d" />
		<Unit filename="..\src\utils\archive.d" />
		<Unit filename="..\src\utils\array.d" />
		<Unit filename="..\src\utils\boxpacker.d" />
		<Unit filename="..\src\utils\buffer.d" />
		<Unit filename="..\src\utils\color.d" />
		<Unit filename="..\src\utils\configfile.d" />
		<Unit filename="..\src\utils\drawing.d" />
		<Unit filename="..\src\utils\factory.d" />
		<Unit filename="..\src\utils\filetools.d" />
		<Unit filename="..\src\utils\gzip.d" />
		<Unit filename="..\src\utils\interpolate.d" />
		<Unit filename="..\src\utils\list2.d" />
		<Unit filename="..\src\utils\log.d" />
		<Unit filename="..\src\utils\math.d" />
		<Unit filename="..\src\utils\md.d" />
		<Unit filename="..\src\utils\misc.d" />
		<Unit filename="..\src\utils\mybox.d" />
		<Unit filename="..\src\utils\output.d" />
		<Unit filename="..\src\utils\path.d" />
		<Unit filename="..\src\utils\perf.d" />
		<Unit filename="..\src\utils\queue.d" />
		<Unit filename="..\src\utils\random.d" />
		<Unit filename="..\src\utils\randval.d" />
		<Unit filename="..\src\utils\rect2.d" />
		<Unit filename="..\src\utils\reflect\all.d" />
		<Unit filename="..\src\utils\reflect\arraytype.d" />
		<Unit filename="..\src\utils\reflect\classdef.d" />
		<Unit filename="..\src\utils\reflect\dgtype.d" />
		<Unit filename="..\src\utils\reflect\refctor.d" />
		<Unit filename="..\src\utils\reflect\safeptr.d" />
		<Unit filename="..\src\utils\reflect\structtype.d" />
		<Unit filename="..\src\utils\reflect\type.d" />
		<Unit filename="..\src\utils\reflect\types.d" />
		<Unit filename="..\src\utils\reflection.d" />
		<Unit filename="..\src\utils\rndkiss.d" />
		<Unit filename="..\src\utils\serialize.d" />
		<Unit filename="..\src\utils\snapshot.d" />
		<Unit filename="..\src\utils\stream.d" />
		<Unit filename="..\src\utils\string.d" />
		<Unit filename="..\src\utils\strparser.d" />
		<Unit filename="..\src\utils\test.d" />
		<Unit filename="..\src\utils\time.d" />
		<Unit filename="..\src\utils\timer.d" />
		<Unit filename="..\src\utils\transform.d" />
		<Unit filename="..\src\utils\vector2.d" />
		<Unit filename="..\src\utils\weaklist.d" />
		<Extensions>
			<code_completion />
			<envvars />
			<debugger />
		</Extensions>
	</Project>
</CodeBlocks_project_file>
