<?xml version="1.0" encoding="UTF-8" standalone="yes" ?>
<CodeBlocks_project_file>
	<FileVersion major="1" minor="6" />
	<Project>
		<Option title="Lumbricus" />
		<Option makefile_is_custom="1" />
		<Option compiler="dmd" />
		<Build>
			<Target title="Debug">
				<Option output="..\bin\lumbricus" prefix_auto="1" extension_auto="1" />
				<Option working_dir="..\bin" />
				<Option object_output="..\bin\obj\" />
				<Option type="1" />
				<Option compiler="dmd" />
				<Option projectResourceIncludeDirsRelation="0" />
				<MakeCommands>
					<Build command="dmd -run dsssrun.d build lumbricus.d --debug" />
					<CompileFile command="" />
					<Clean command="dmd -run dsssrun.d clean" />
					<DistClean command="" />
				</MakeCommands>
			</Target>
			<Target title="Release">
				<Option output="..\bin\lumbricus" prefix_auto="1" extension_auto="1" />
				<Option working_dir="..\bin" />
				<Option object_output="..\bin\obj\" />
				<Option type="1" />
				<Option compiler="dmd" />
				<Option projectResourceIncludeDirsRelation="0" />
				<MakeCommands>
					<Build command="dmd -run dsssrun.d build lumbricus.d" />
					<CompileFile command="" />
					<Clean command="dmd -run dsssrun.d clean" />
					<DistClean command="" />
				</MakeCommands>
			</Target>
		</Build>
		<Unit filename="..\data\data\anything.conf" />
		<Unit filename="..\data\data\barrel.conf" />
		<Unit filename="..\data\data\binds.conf" />
		<Unit filename="..\data\data\bomberworm.conf" />
		<Unit filename="..\data\data\colors.conf" />
		<Unit filename="..\data\data\crate.conf" />
		<Unit filename="..\data\data\fonts.conf" />
		<Unit filename="..\data\data\game.conf" />
		<Unit filename="..\data\data\gamemode.conf" />
		<Unit filename="..\data\data\grave.conf" />
		<Unit filename="..\data\data\guires.conf" />
		<Unit filename="..\data\data\irc.conf" />
		<Unit filename="..\data\data\ledit_gui.conf" />
		<Unit filename="..\data\data\levelgenerator.conf" />
		<Unit filename="..\data\data\teams.conf" />
		<Unit filename="..\data\data\test_gui.conf" />
		<Unit filename="..\data\data\weapons\default\collisions.conf" />
		<Unit filename="..\data\data\weapons\default\locale\de.conf" />
		<Unit filename="..\data\data\weapons\default\locale\en.conf" />
		<Unit filename="..\data\data\weapons\default\mapping_wwp.conf" />
		<Unit filename="..\data\data\weapons\default\set.conf" />
		<Unit filename="..\data\data\weapons\default\weapons\airstrike.conf" />
		<Unit filename="..\data\data\weapons\default\weapons\aquasheep.conf" />
		<Unit filename="..\data\data\weapons\default\weapons\atomtest.conf" />
		<Unit filename="..\data\data\weapons\default\weapons\banana.conf" />
		<Unit filename="..\data\data\weapons\default\weapons\bazooka.conf" />
		<Unit filename="..\data\data\weapons\default\weapons\beamer.conf" />
		<Unit filename="..\data\data\weapons\default\weapons\blackhole_bomb.conf" />
		<Unit filename="..\data\data\weapons\default\weapons\clusterbomb.conf" />
		<Unit filename="..\data\data\weapons\default\weapons\cow.conf" />
		<Unit filename="..\data\data\weapons\default\weapons\dynamite.conf" />
		<Unit filename="..\data\data\weapons\default\weapons\esel.conf" />
		<Unit filename="..\data\data\weapons\default\weapons\granny.conf" />
		<Unit filename="..\data\data\weapons\default\weapons\grenade.conf" />
		<Unit filename="..\data\data\weapons\default\weapons\holy.conf" />
		<Unit filename="..\data\data\weapons\default\weapons\homing.conf" />
		<Unit filename="..\data\data\weapons\default\weapons\jetpack.conf" />
		<Unit filename="..\data\data\weapons\default\weapons\laser.conf" />
		<Unit filename="..\data\data\weapons\default\weapons\laserbeamer.conf" />
		<Unit filename="..\data\data\weapons\default\weapons\mine.conf" />
		<Unit filename="..\data\data\weapons\default\weapons\minestrike.conf" />
		<Unit filename="..\data\data\weapons\default\weapons\mingvase.conf" />
		<Unit filename="..\data\data\weapons\default\weapons\minigun.conf" />
		<Unit filename="..\data\data\weapons\default\weapons\molotov.conf" />
		<Unit filename="..\data\data\weapons\default\weapons\mortar.conf" />
		<Unit filename="..\data\data\weapons\default\weapons\napalmstrike.conf" />
		<Unit filename="..\data\data\weapons\default\weapons\penguin.conf" />
		<Unit filename="..\data\data\weapons\default\weapons\pistol.conf" />
		<Unit filename="..\data\data\weapons\default\weapons\sally_army.conf" />
		<Unit filename="..\data\data\weapons\default\weapons\sheep.conf" />
		<Unit filename="..\data\data\weapons\default\weapons\sheeplauncher.conf" />
		<Unit filename="..\data\data\weapons\default\weapons\shotgun.conf" />
		<Unit filename="..\data\data\weapons\default\weapons\superbanana.conf" />
		<Unit filename="..\data\data\weapons\default\weapons\superrope.conf" />
		<Unit filename="..\data\data\weapons\default\weapons\supersheep.conf" />
		<Unit filename="..\data\data\weapons\default\weapons\uzi.conf" />
		<Unit filename="..\data\data\welcome_gui.conf" />
		<Unit filename="..\data\data\windmeter.conf" />
		<Unit filename="..\data\data\window.conf" />
		<Unit filename="..\data\data\worm.conf" />
		<Unit filename="..\data\data\wormbinds.conf" />
		<Unit filename="..\data\data\wsel.conf" />
		<Unit filename="..\data\data\wtris_gui.conf" />
		<Unit filename="..\data\data\wwp.conf" />
		<Unit filename="..\data\locale\de.conf" />
		<Unit filename="..\data\locale\en.conf" />
		<Unit filename="..\data\wimport\animations.txt" />
		<Unit filename="..\src\common\animation.d" />
		<Unit filename="..\src\common\common.d" />
		<Unit filename="..\src\common\gcstats.d" />
		<Unit filename="..\src\common\resview.d" />
		<Unit filename="..\src\common\scene.d" />
		<Unit filename="..\src\common\task.d" />
		<Unit filename="..\src\common\toplevel.d" />
		<Unit filename="..\src\common\visual.d" />
		<Unit filename="..\src\derelict\enet\enet.d" />
		<Unit filename="..\src\derelict\enet\enetfuncs.d" />
		<Unit filename="..\src\derelict\enet\enettypes.d" />
		<Unit filename="..\src\framework\allres.d" />
		<Unit filename="..\src\framework\commandline.d" />
		<Unit filename="..\src\framework\drawing.d" />
		<Unit filename="..\src\framework\enums.d" />
		<Unit filename="..\src\framework\event.d" />
		<Unit filename="..\src\framework\filesystem.d" />
		<Unit filename="..\src\framework\font.d" />
		<Unit filename="..\src\framework\framework.d" />
		<Unit filename="..\src\framework\i18n.d" />
		<Unit filename="..\src\framework\keybindings.d" />
		<Unit filename="..\src\framework\keysyms.d" />
		<Unit filename="..\src\framework\openal.d" />
		<Unit filename="..\src\framework\resfileformats.d" />
		<Unit filename="..\src\framework\resources.d" />
		<Unit filename="..\src\framework\resset.d" />
		<Unit filename="..\src\framework\restypes\atlas.d" />
		<Unit filename="..\src\framework\restypes\bitmap.d" />
		<Unit filename="..\src\framework\restypes\frames.d" />
		<Unit filename="..\src\framework\restypes\sound.d" />
		<Unit filename="..\src\framework\sdl\font.d" />
		<Unit filename="..\src\framework\sdl\framework.d" />
		<Unit filename="..\src\framework\sdl\fwgl.d" />
		<Unit filename="..\src\framework\sdl\keys.d" />
		<Unit filename="..\src\framework\sdl\rwops.d" />
		<Unit filename="..\src\framework\sdl\sdl.d" />
		<Unit filename="..\src\framework\sdl\soundmixer.d" />
		<Unit filename="..\src\framework\sound.d" />
		<Unit filename="..\src\framework\texturepack.d" />
		<Unit filename="..\src\framework\timesource.d" />
		<Unit filename="..\src\game\action.d" />
		<Unit filename="..\src\game\actionsprite.d" />
		<Unit filename="..\src\game\animation.d" />
		<Unit filename="..\src\game\bomberworm.d" />
		<Unit filename="..\src\game\clientengine.d" />
		<Unit filename="..\src\game\controller.d" />
		<Unit filename="..\src\game\crate.d" />
		<Unit filename="..\src\game\game.d" />
		<Unit filename="..\src\game\gamepublic.d" />
		<Unit filename="..\src\game\gametask.d" />
		<Unit filename="..\src\game\gfxset.d" />
		<Unit filename="..\src\game\glevel.d" />
		<Unit filename="..\src\game\gobject.d" />
		<Unit filename="..\src\game\gui\camera.d" />
		<Unit filename="..\src\game\gui\gameframe.d" />
		<Unit filename="..\src\game\gui\gameteams.d" />
		<Unit filename="..\src\game\gui\gametimer.d" />
		<Unit filename="..\src\game\gui\gameview.d" />
		<Unit filename="..\src\game\gui\leveledit.d" />
		<Unit filename="..\src\game\gui\loadingscreen.d" />
		<Unit filename="..\src\game\gui\preparedisplay.d" />
		<Unit filename="..\src\game\gui\preview.d" />
		<Unit filename="..\src\game\gui\teaminfo.d" />
		<Unit filename="..\src\game\gui\weaponsel.d" />
		<Unit filename="..\src\game\gui\welcome.d" />
		<Unit filename="..\src\game\gui\windmeter.d" />
		<Unit filename="..\src\game\levelgen\generator.d" />
		<Unit filename="..\src\game\levelgen\genrandom.d" />
		<Unit filename="..\src\game\levelgen\landscape.d" />
		<Unit filename="..\src\game\levelgen\level.d" />
		<Unit filename="..\src\game\levelgen\placeobjects.d" />
		<Unit filename="..\src\game\levelgen\renderer.d" />
		<Unit filename="..\src\game\loader.d" />
		<Unit filename="..\src\game\sequence.d" />
		<Unit filename="..\src\game\serialize_register.d" />
		<Unit filename="..\src\game\setup.d" />
		<Unit filename="..\src\game\sky.d" />
		<Unit filename="..\src\game\sprite.d" />
		<Unit filename="..\src\game\spriteactions.d" />
		<Unit filename="..\src\game\temp.d" />
		<Unit filename="..\src\game\water.d" />
		<Unit filename="..\src\game\weapon\actions.d" />
		<Unit filename="..\src\game\weapon\actionweapon.d" />
		<Unit filename="..\src\game\weapon\projectile.d" />
		<Unit filename="..\src\game\weapon\ray.d" />
		<Unit filename="..\src\game\weapon\spawn.d" />
		<Unit filename="..\src\game\weapon\special_weapon.d" />
		<Unit filename="..\src\game\weapon\tools.d" />
		<Unit filename="..\src\game\weapon\types.d" />
		<Unit filename="..\src\game\weapon\weapon.d" />
		<Unit filename="..\src\game\worm.d" />
		<Unit filename="..\src\game\wtris.d" />
		<Unit filename="..\src\gui\boxcontainer.d" />
		<Unit filename="..\src\gui\button.d" />
		<Unit filename="..\src\gui\console.d" />
		<Unit filename="..\src\gui\container.d" />
		<Unit filename="..\src\gui\dropdownlist.d" />
		<Unit filename="..\src\gui\edit.d" />
		<Unit filename="..\src\gui\fps.d" />
		<Unit filename="..\src\gui\gui.d" />
		<Unit filename="..\src\gui\label.d" />
		<Unit filename="..\src\gui\list.d" />
		<Unit filename="..\src\gui\loader.d" />
		<Unit filename="..\src\gui\logwindow.d" />
		<Unit filename="..\src\gui\messageviewer.d" />
		<Unit filename="..\src\gui\mousescroller.d" />
		<Unit filename="..\src\gui\progress.d" />
		<Unit filename="..\src\gui\scrollbar.d" />
		<Unit filename="..\src\gui\scrollwindow.d" />
		<Unit filename="..\src\gui\splitter.d" />
		<Unit filename="..\src\gui\tablecontainer.d" />
		<Unit filename="..\src\gui\test.d" />
		<Unit filename="..\src\gui\widget.d" />
		<Unit filename="..\src\gui\window.d" />
		<Unit filename="..\src\gui\wm.d" />
		<Unit filename="..\src\irc\ircclient.d" />
		<Unit filename="..\src\irclib\all.d" />
		<Unit filename="..\src\irclib\client.d" />
		<Unit filename="..\src\irclib\protocol.d" />
		<Unit filename="..\src\irclib\tools.d" />
		<Unit filename="..\src\lumbricus.d" />
		<Unit filename="..\src\net\encode.d" />
		<Unit filename="..\src\net\enet_test.d" />
		<Unit filename="..\src\net\marshall2.d" />
		<Unit filename="..\src\net\netlayer.d" />
		<Unit filename="..\src\net\netobject.d" />
		<Unit filename="..\src\physics\base.d" />
		<Unit filename="..\src\physics\broadphase.d" />
		<Unit filename="..\src\physics\collisionmap.d" />
		<Unit filename="..\src\physics\contact.d" />
		<Unit filename="..\src\physics\earthquake.d" />
		<Unit filename="..\src\physics\force.d" />
		<Unit filename="..\src\physics\geometry.d" />
		<Unit filename="..\src\physics\links.d" />
		<Unit filename="..\src\physics\movehandler.d" />
		<Unit filename="..\src\physics\physobj.d" />
		<Unit filename="..\src\physics\plane.d" />
		<Unit filename="..\src\physics\posp.d" />
		<Unit filename="..\src\physics\sortandsweep.d" />
		<Unit filename="..\src\physics\timedchanger.d" />
		<Unit filename="..\src\physics\trigger.d" />
		<Unit filename="..\src\physics\world.d" />
		<Unit filename="..\src\physics\zone.d" />
		<Unit filename="..\src\utils\array.d" />
		<Unit filename="..\src\utils\bitstream.d" />
		<Unit filename="..\src\utils\boxpacker.d" />
		<Unit filename="..\src\utils\buffer.d" />
		<Unit filename="..\src\utils\color.d" />
		<Unit filename="..\src\utils\configfile.d" />
		<Unit filename="..\src\utils\drawing.d" />
		<Unit filename="..\src\utils\factory.d" />
		<Unit filename="..\src\utils\filetools.d" />
		<Unit filename="..\src\utils\gzip.d" />
		<Unit filename="..\src\utils\list2.d" />
		<Unit filename="..\src\utils\log.d" />
		<Unit filename="..\src\utils\math.d" />
		<Unit filename="..\src\utils\md.d" />
		<Unit filename="..\src\utils\misc.d" />
		<Unit filename="..\src\utils\mybox.d" />
		<Unit filename="..\src\utils\mylist.d" />
		<Unit filename="..\src\utils\output.d" />
		<Unit filename="..\src\utils\path.d" />
		<Unit filename="..\src\utils\perf.d" />
		<Unit filename="..\src\utils\queue.d" />
		<Unit filename="..\src\utils\random.d" />
		<Unit filename="..\src\utils\randval.d" />
		<Unit filename="..\src\utils\rect2.d" />
		<Unit filename="..\src\utils\reflection.d" />
		<Unit filename="..\src\utils\rndkiss.d" />
		<Unit filename="..\src\utils\serialize.d" />
		<Unit filename="..\src\utils\strparser.d" />
		<Unit filename="..\src\utils\test.d" />
		<Unit filename="..\src\utils\time.d" />
		<Unit filename="..\src\utils\timer.d" />
		<Unit filename="..\src\utils\vector2.d" />
		<Unit filename="..\src\utils\weaklist.d" />
		<Unit filename="..\src\utils\weaktest.d" />
		<Extensions>
			<code_completion />
			<envvars />
			<debugger />
		</Extensions>
	</Project>
</CodeBlocks_project_file>
