<?xml version="1.0" encoding="UTF-8" standalone="yes" ?>
<CodeBlocks_project_file>
	<FileVersion major="1" minor="6" />
	<Project>
		<Option title="server" />
		<Option makefile="makefile" />
		<Option makefile_is_custom="1" />
		<Option execution_dir="..\src" />
		<Option compiler="dmd" />
		<Build>
			<Target title="Debug">
				<Option output="..\bin\server" prefix_auto="1" extension_auto="1" />
				<Option working_dir="..\bin" />
				<Option object_output="obj\" />
				<Option type="1" />
				<Option compiler="dmd" />
				<MakeCommands>
					<Build command="dsss build lumbricus_server.d --debug" />
					<CompileFile command="" />
					<Clean command="dsss distclean" />
					<DistClean command="" />
					<AskRebuildNeeded command="" />
					<SilentBuild command="dsss build lumbricus_server.d --debug" />
				</MakeCommands>
			</Target>
			<Target title="Release">
				<Option output="..\bin\lumbricus_server" prefix_auto="1" extension_auto="1" />
				<Option working_dir="..\bin" />
				<Option object_output="obj\" />
				<Option type="1" />
				<Option compiler="dmd" />
				<MakeCommands>
					<Build command="dsss build lumbricus_server.d" />
					<CompileFile command="" />
					<Clean command="dsss distclean" />
					<DistClean command="" />
					<AskRebuildNeeded command="" />
					<SilentBuild command="dsss build lumbricus_server.d" />
				</MakeCommands>
			</Target>
		</Build>
		<Unit filename="..\src\common\init.d" />
		<Unit filename="..\src\derelict\enet\enet.d" />
		<Unit filename="..\src\derelict\enet\enetfuncs.d" />
		<Unit filename="..\src\derelict\enet\enettypes.d" />
		<Unit filename="..\src\framework\commandline.d" />
		<Unit filename="..\src\framework\config.d" />
		<Unit filename="..\src\framework\event.d" />
		<Unit filename="..\src\framework\filesystem.d" />
		<Unit filename="..\src\framework\globalsettings.d" />
		<Unit filename="..\src\framework\i18n.d" />
		<Unit filename="..\src\framework\keysyms.d" />
		<Unit filename="..\src\lumbricus_server.d" />
		<Unit filename="..\src\net\announce.d" />
		<Unit filename="..\src\net\announce_lan.d" />
		<Unit filename="..\src\net\announce_php.d" />
		<Unit filename="..\src\net\broadcast.d" />
		<Unit filename="..\src\net\cmdprotocol.d" />
		<Unit filename="..\src\net\cmdserver.d" />
		<Unit filename="..\src\net\iflist.d" />
		<Unit filename="..\src\net\marshal.d" />
		<Unit filename="..\src\net\netlayer.d" />
		<Unit filename="..\src\utils\archive.d" />
		<Unit filename="..\src\utils\array.d" />
		<Unit filename="..\src\utils\color.d" />
		<Unit filename="..\src\utils\configfile.d" />
		<Unit filename="..\src\utils\factory.d" />
		<Unit filename="..\src\utils\gzip.d" />
		<Unit filename="..\src\utils\list2.d" />
		<Unit filename="..\src\utils\log.d" />
		<Unit filename="..\src\utils\misc.d" />
		<Unit filename="..\src\utils\mybox.d" />
		<Unit filename="..\src\utils\output.d" />
		<Unit filename="..\src\utils\path.d" />
		<Unit filename="..\src\utils\random.d" />
		<Unit filename="..\src\utils\rndkiss.d" />
		<Unit filename="..\src\utils\stream.d" />
		<Unit filename="..\src\utils\string.d" />
		<Unit filename="..\src\utils\strparser.d" />
		<Unit filename="..\src\utils\time.d" />
		<Unit filename="..\src\utils\timesource.d" />
		<Unit filename="..\src\utils\vector2.d" />
		<Extensions>
			<code_completion />
			<envvars />
			<debugger />
		</Extensions>
	</Project>
</CodeBlocks_project_file>
