<?xml version="1.0" encoding="UTF-8" standalone="yes" ?>
<CodeBlocks_project_file>
	<FileVersion major="1" minor="4" />
	<Project>
		<Option title="Lumbricus" />
		<Option compiler="dmd" />
		<Build>
			<Target title="Debug">
				<Option output="..\bin\Debug\Lumbricus.exe" />
				<Option object_output="..\bin\obj\Debug\" />
				<Option type="1" />
				<Option compiler="dmd" />
				<Option projectResourceIncludeDirsRelation="0" />
				<Compiler>
					<Add option="-w" />
					<Add option="-g" />
					<Add option="-debug" />
				</Compiler>
			</Target>
			<Target title="Release">
				<Option output="..\bin\Release\Lumbricus.exe" />
				<Option object_output="..\bin\obj\Release\" />
				<Option type="1" />
				<Option compiler="dmd" />
				<Option projectResourceIncludeDirsRelation="0" />
				<Compiler>
					<Add option="-O" />
				</Compiler>
			</Target>
		</Build>
		<Linker>
			<Add library="DerelictSDL" />
			<Add library="DerelictUtil" />
			<Add library="DerelictSDLImage" />
			<Add library="DerelictSDLttf" />
		</Linker>
		<Unit filename="Makefile.am">
			<Option compilerVar="CPP" />
			<Option compile="0" />
			<Option link="0" />
			<Option target="Debug" />
			<Option target="Release" />
		</Unit>
		<Unit filename="framework\framework.d">
			<Option compilerVar="CPP" />
			<Option target="Debug" />
			<Option target="Release" />
		</Unit>
		<Unit filename="framework\keysyms.d">
			<Option compilerVar="CPP" />
			<Option target="Debug" />
			<Option target="Release" />
		</Unit>
		<Unit filename="framework\sdl\framework.d">
			<Option compilerVar="CPP" />
			<Option target="Debug" />
			<Option target="Release" />
		</Unit>
		<Unit filename="framework\sdl\keys.d">
			<Option compilerVar="CPP" />
			<Option target="Debug" />
			<Option target="Release" />
		</Unit>
		<Unit filename="framework\sdl\rwops.d">
			<Option compilerVar="CPP" />
			<Option target="Debug" />
			<Option target="Release" />
		</Unit>
		<Unit filename="mainGame.d">
			<Option compilerVar="CPP" />
			<Option target="Debug" />
			<Option target="Release" />
		</Unit>
		<Unit filename="vector.d">
			<Option compilerVar="CPP" />
			<Option target="Debug" />
			<Option target="Release" />
		</Unit>
		<Extensions />
	</Project>
</CodeBlocks_project_file>